// !$*UTF8*$!
{
	archiveVersion = 1;
	classes = {
	};
	objectVersion = 50;
	objects = {

/* Begin PBXBuildFile section */
		A9BD0038212EAB1E004A0614 /* AppDelegate.swift in Sources */ = {isa = PBXBuildFile; fileRef = A9BD0037212EAB1E004A0614 /* AppDelegate.swift */; };
		A9BD003A212EAB1E004A0614 /* animationViewController.swift in Sources */ = {isa = PBXBuildFile; fileRef = A9BD0039212EAB1E004A0614 /* animationViewController.swift */; };
		A9BD003D212EAB1E004A0614 /* Main.storyboard in Resources */ = {isa = PBXBuildFile; fileRef = A9BD003B212EAB1E004A0614 /* Main.storyboard */; };
		A9BD003F212EAB23004A0614 /* Assets.xcassets in Resources */ = {isa = PBXBuildFile; fileRef = A9BD003E212EAB23004A0614 /* Assets.xcassets */; };
		A9BD0042212EAB23004A0614 /* LaunchScreen.storyboard in Resources */ = {isa = PBXBuildFile; fileRef = A9BD0040212EAB23004A0614 /* LaunchScreen.storyboard */; };
		A9BD004C212EB071004A0614 /* jhonDoe.png in Resources */ = {isa = PBXBuildFile; fileRef = A9BD004B212EB071004A0614 /* jhonDoe.png */; };
		A9BD0050212EDC31004A0614 /* UIViewSkeletonExtension.swift in Sources */ = {isa = PBXBuildFile; fileRef = A9BD004F212EDC31004A0614 /* UIViewSkeletonExtension.swift */; };
/* End PBXBuildFile section */

/* Begin PBXFileReference section */
		A9BD0034212EAB1E004A0614 /* DSSkeleton.app */ = {isa = PBXFileReference; explicitFileType = wrapper.application; includeInIndex = 0; path = DSSkeleton.app; sourceTree = BUILT_PRODUCTS_DIR; };
		A9BD0037212EAB1E004A0614 /* AppDelegate.swift */ = {isa = PBXFileReference; lastKnownFileType = sourcecode.swift; path = AppDelegate.swift; sourceTree = "<group>"; };
		A9BD0039212EAB1E004A0614 /* animationViewController.swift */ = {isa = PBXFileReference; lastKnownFileType = sourcecode.swift; path = animationViewController.swift; sourceTree = "<group>"; };
		A9BD003C212EAB1E004A0614 /* Base */ = {isa = PBXFileReference; lastKnownFileType = file.storyboard; name = Base; path = Base.lproj/Main.storyboard; sourceTree = "<group>"; };
		A9BD003E212EAB23004A0614 /* Assets.xcassets */ = {isa = PBXFileReference; lastKnownFileType = folder.assetcatalog; path = Assets.xcassets; sourceTree = "<group>"; };
		A9BD0041212EAB23004A0614 /* Base */ = {isa = PBXFileReference; lastKnownFileType = file.storyboard; name = Base; path = Base.lproj/LaunchScreen.storyboard; sourceTree = "<group>"; };
		A9BD0043212EAB23004A0614 /* Info.plist */ = {isa = PBXFileReference; lastKnownFileType = text.plist.xml; path = Info.plist; sourceTree = "<group>"; };
		A9BD004B212EB071004A0614 /* jhonDoe.png */ = {isa = PBXFileReference; lastKnownFileType = image.png; path = jhonDoe.png; sourceTree = "<group>"; };
		A9BD004F212EDC31004A0614 /* UIViewSkeletonExtension.swift */ = {isa = PBXFileReference; lastKnownFileType = sourcecode.swift; path = UIViewSkeletonExtension.swift; sourceTree = "<group>"; };
/* End PBXFileReference section */

/* Begin PBXFrameworksBuildPhase section */
		A9BD0031212EAB1E004A0614 /* Frameworks */ = {
			isa = PBXFrameworksBuildPhase;
			buildActionMask = 2147483647;
			files = (
			);
			runOnlyForDeploymentPostprocessing = 0;
		};
/* End PBXFrameworksBuildPhase section */

/* Begin PBXGroup section */
		A9BD002B212EAB1E004A0614 = {
			isa = PBXGroup;
			children = (
				A9BD0036212EAB1E004A0614 /* DSSkeleton */,
				A9BD0035212EAB1E004A0614 /* Products */,
			);
			sourceTree = "<group>";
		};
		A9BD0035212EAB1E004A0614 /* Products */ = {
			isa = PBXGroup;
			children = (
				A9BD0034212EAB1E004A0614 /* DSSkeleton.app */,
			);
			name = Products;
			sourceTree = "<group>";
		};
		A9BD0036212EAB1E004A0614 /* DSSkeleton */ = {
			isa = PBXGroup;
			children = (
				A9BD0037212EAB1E004A0614 /* AppDelegate.swift */,
				A9BD0039212EAB1E004A0614 /* animationViewController.swift */,
				A9BD003B212EAB1E004A0614 /* Main.storyboard */,
				A9BD004F212EDC31004A0614 /* UIViewSkeletonExtension.swift */,
				A9BD003E212EAB23004A0614 /* Assets.xcassets */,
				A9BD004B212EB071004A0614 /* jhonDoe.png */,
				A9BD0040212EAB23004A0614 /* LaunchScreen.storyboard */,
				A9BD0043212EAB23004A0614 /* Info.plist */,
			);
			path = DSSkeleton;
			sourceTree = "<group>";
		};
/* End PBXGroup section */

/* Begin PBXNativeTarget section */
		A9BD0033212EAB1E004A0614 /* DSSkeleton */ = {
			isa = PBXNativeTarget;
			buildConfigurationList = A9BD0046212EAB23004A0614 /* Build configuration list for PBXNativeTarget "DSSkeleton" */;
			buildPhases = (
				A9BD0030212EAB1E004A0614 /* Sources */,
				A9BD0031212EAB1E004A0614 /* Frameworks */,
				A9BD0032212EAB1E004A0614 /* Resources */,
			);
			buildRules = (
			);
			dependencies = (
			);
			name = DSSkeleton;
			productName = DSSkeleton;
			productReference = A9BD0034212EAB1E004A0614 /* DSSkeleton.app */;
			productType = "com.apple.product-type.application";
		};
/* End PBXNativeTarget section */

/* Begin PBXProject section */
		A9BD002C212EAB1E004A0614 /* Project object */ = {
			isa = PBXProject;
			attributes = {
				LastSwiftUpdateCheck = 0940;
				LastUpgradeCheck = 0940;
				ORGANIZATIONNAME = indianic;
				TargetAttributes = {
					A9BD0033212EAB1E004A0614 = {
						CreatedOnToolsVersion = 9.4.1;
					};
				};
			};
			buildConfigurationList = A9BD002F212EAB1E004A0614 /* Build configuration list for PBXProject "DSSkeleton" */;
			compatibilityVersion = "Xcode 9.3";
			developmentRegion = en;
			hasScannedForEncodings = 0;
			knownRegions = (
				en,
				Base,
			);
			mainGroup = A9BD002B212EAB1E004A0614;
			productRefGroup = A9BD0035212EAB1E004A0614 /* Products */;
			projectDirPath = "";
			projectRoot = "";
			targets = (
				A9BD0033212EAB1E004A0614 /* DSSkeleton */,
			);
		};
/* End PBXProject section */

/* Begin PBXResourcesBuildPhase section */
		A9BD0032212EAB1E004A0614 /* Resources */ = {
			isa = PBXResourcesBuildPhase;
			buildActionMask = 2147483647;
			files = (
				A9BD0042212EAB23004A0614 /* LaunchScreen.storyboard in Resources */,
				A9BD004C212EB071004A0614 /* jhonDoe.png in Resources */,
				A9BD003F212EAB23004A0614 /* Assets.xcassets in Resources */,
				A9BD003D212EAB1E004A0614 /* Main.storyboard in Resources */,
			);
			runOnlyForDeploymentPostprocessing = 0;
		};
/* End PBXResourcesBuildPhase section */

/* Begin PBXSourcesBuildPhase section */
		A9BD0030212EAB1E004A0614 /* Sources */ = {
			isa = PBXSourcesBuildPhase;
			buildActionMask = 2147483647;
			files = (
				A9BD0050212EDC31004A0614 /* UIViewSkeletonExtension.swift in Sources */,
				A9BD003A212EAB1E004A0614 /* animationViewController.swift in Sources */,
				A9BD0038212EAB1E004A0614 /* AppDelegate.swift in Sources */,
			);
			runOnlyForDeploymentPostprocessing = 0;
		};
/* End PBXSourcesBuildPhase section */

/* Begin PBXVariantGroup section */
		A9BD003B212EAB1E004A0614 /* Main.storyboard */ = {
			isa = PBXVariantGroup;
			children = (
				A9BD003C212EAB1E004A0614 /* Base */,
			);
			name = Main.storyboard;
			sourceTree = "<group>";
		};
		A9BD0040212EAB23004A0614 /* LaunchScreen.storyboard */ = {
			isa = PBXVariantGroup;
			children = (
				A9BD0041212EAB23004A0614 /* Base */,
			);
			name = LaunchScreen.storyboard;
			sourceTree = "<group>";
		};
/* End PBXVariantGroup section */

/* Begin XCBuildConfiguration section */
		A9BD0044212EAB23004A0614 /* Debug */ = {
			isa = XCBuildConfiguration;
			buildSettings = {
				ALWAYS_SEARCH_USER_PATHS = NO;
				CLANG_ANALYZER_NONNULL = YES;
				CLANG_ANALYZER_NUMBER_OBJECT_CONVERSION = YES_AGGRESSIVE;
				CLANG_CXX_LANGUAGE_STANDARD = "gnu++14";
				CLANG_CXX_LIBRARY = "libc++";
				CLANG_ENABLE_MODULES = YES;
				CLANG_ENABLE_OBJC_ARC = YES;
				CLANG_ENABLE_OBJC_WEAK = YES;
				CLANG_WARN_BLOCK_CAPTURE_AUTORELEASING = YES;
				CLANG_WARN_BOOL_CONVERSION = YES;
				CLANG_WARN_COMMA = YES;
				CLANG_WARN_CONSTANT_CONVERSION = YES;
				CLANG_WARN_DEPRECATED_OBJC_IMPLEMENTATIONS = YES;
				CLANG_WARN_DIRECT_OBJC_ISA_USAGE = YES_ERROR;
				CLANG_WARN_DOCUMENTATION_COMMENTS = YES;
				CLANG_WARN_EMPTY_BODY = YES;
				CLANG_WARN_ENUM_CONVERSION = YES;
				CLANG_WARN_INFINITE_RECURSION = YES;
				CLANG_WARN_INT_CONVERSION = YES;
				CLANG_WARN_NON_LITERAL_NULL_CONVERSION = YES;
				CLANG_WARN_OBJC_IMPLICIT_RETAIN_SELF = YES;
				CLANG_WARN_OBJC_LITERAL_CONVERSION = YES;
				CLANG_WARN_OBJC_ROOT_CLASS = YES_ERROR;
				CLANG_WARN_RANGE_LOOP_ANALYSIS = YES;
				CLANG_WARN_STRICT_PROTOTYPES = YES;
				CLANG_WARN_SUSPICIOUS_MOVE = YES;
				CLANG_WARN_UNGUARDED_AVAILABILITY = YES_AGGRESSIVE;
				CLANG_WARN_UNREACHABLE_CODE = YES;
				CLANG_WARN__DUPLICATE_METHOD_MATCH = YES;
				CODE_SIGN_IDENTITY = "iPhone Developer";
				COPY_PHASE_STRIP = NO;
				DEBUG_INFORMATION_FORMAT = dwarf;
				ENABLE_STRICT_OBJC_MSGSEND = YES;
				ENABLE_TESTABILITY = YES;
				GCC_C_LANGUAGE_STANDARD = gnu11;
				GCC_DYNAMIC_NO_PIC = NO;
				GCC_NO_COMMON_BLOCKS = YES;
				GCC_OPTIMIZATION_LEVEL = 0;
				GCC_PREPROCESSOR_DEFINITIONS = (
					"DEBUG=1",
					"$(inherited)",
				);
				GCC_WARN_64_TO_32_BIT_CONVERSION = YES;
				GCC_WARN_ABOUT_RETURN_TYPE = YES_ERROR;
				GCC_WARN_UNDECLARED_SELECTOR = YES;
				GCC_WARN_UNINITIALIZED_AUTOS = YES_AGGRESSIVE;
				GCC_WARN_UNUSED_FUNCTION = YES;
				GCC_WARN_UNUSED_VARIABLE = YES;
				IPHONEOS_DEPLOYMENT_TARGET = 11.4;
				MTL_ENABLE_DEBUG_INFO = YES;
				ONLY_ACTIVE_ARCH = YES;
				SDKROOT = iphoneos;
				SWIFT_ACTIVE_COMPILATION_CONDITIONS = DEBUG;
				SWIFT_OPTIMIZATION_LEVEL = "-Onone";
			};
			name = Debug;
		};
		A9BD0045212EAB23004A0614 /* Release */ = {
			isa = XCBuildConfiguration;
			buildSettings = {
				ALWAYS_SEARCH_USER_PATHS = NO;
				CLANG_ANALYZER_NONNULL = YES;
				CLANG_ANALYZER_NUMBER_OBJECT_CONVERSION = YES_AGGRESSIVE;
				CLANG_CXX_LANGUAGE_STANDARD = "gnu++14";
				CLANG_CXX_LIBRARY = "libc++";
				CLANG_ENABLE_MODULES = YES;
				CLANG_ENABLE_OBJC_ARC = YES;
				CLANG_ENABLE_OBJC_WEAK = YES;
				CLANG_WARN_BLOCK_CAPTURE_AUTORELEASING = YES;
				CLANG_WARN_BOOL_CONVERSION = YES;
				CLANG_WARN_COMMA = YES;
				CLANG_WARN_CONSTANT_CONVERSION = YES;
				CLANG_WARN_DEPRECATED_OBJC_IMPLEMENTATIONS = YES;
				CLANG_WARN_DIRECT_OBJC_ISA_USAGE = YES_ERROR;
				CLANG_WARN_DOCUMENTATION_COMMENTS = YES;
				CLANG_WARN_EMPTY_BODY = YES;
				CLANG_WARN_ENUM_CONVERSION = YES;
				CLANG_WARN_INFINITE_RECURSION = YES;
				CLANG_WARN_INT_CONVERSION = YES;
				CLANG_WARN_NON_LITERAL_NULL_CONVERSION = YES;
				CLANG_WARN_OBJC_IMPLICIT_RETAIN_SELF = YES;
				CLANG_WARN_OBJC_LITERAL_CONVERSION = YES;
				CLANG_WARN_OBJC_ROOT_CLASS = YES_ERROR;
				CLANG_WARN_RANGE_LOOP_ANALYSIS = YES;
				CLANG_WARN_STRICT_PROTOTYPES = YES;
				CLANG_WARN_SUSPICIOUS_MOVE = YES;
				CLANG_WARN_UNGUARDED_AVAILABILITY = YES_AGGRESSIVE;
				CLANG_WARN_UNREACHABLE_CODE = YES;
				CLANG_WARN__DUPLICATE_METHOD_MATCH = YES;
				CODE_SIGN_IDENTITY = "iPhone Developer";
				COPY_PHASE_STRIP = NO;
				DEBUG_INFORMATION_FORMAT = "dwarf-with-dsym";
				ENABLE_NS_ASSERTIONS = NO;
				ENABLE_STRICT_OBJC_MSGSEND = YES;
				GCC_C_LANGUAGE_STANDARD = gnu11;
				GCC_NO_COMMON_BLOCKS = YES;
				GCC_WARN_64_TO_32_BIT_CONVERSION = YES;
				GCC_WARN_ABOUT_RETURN_TYPE = YES_ERROR;
				GCC_WARN_UNDECLARED_SELECTOR = YES;
				GCC_WARN_UNINITIALIZED_AUTOS = YES_AGGRESSIVE;
				GCC_WARN_UNUSED_FUNCTION = YES;
				GCC_WARN_UNUSED_VARIABLE = YES;
				IPHONEOS_DEPLOYMENT_TARGET = 11.4;
				MTL_ENABLE_DEBUG_INFO = NO;
				SDKROOT = iphoneos;
				SWIFT_COMPILATION_MODE = wholemodule;
				SWIFT_OPTIMIZATION_LEVEL = "-O";
				VALIDATE_PRODUCT = YES;
			};
			name = Release;
		};
		A9BD0047212EAB23004A0614 /* Debug */ = {
			isa = XCBuildConfiguration;
			buildSettings = {
				ASSETCATALOG_COMPILER_APPICON_NAME = AppIcon;
				CODE_SIGN_STYLE = Manual;
				DEVELOPMENT_TEAM = "";
				INFOPLIST_FILE = DSSkeleton/Info.plist;
				LD_RUNPATH_SEARCH_PATHS = (
					"$(inherited)",
					"@executable_path/Frameworks",
				);
				PRODUCT_BUNDLE_IDENTIFIER = com.darshit.DSSkeleton;
				PRODUCT_NAME = "$(TARGET_NAME)";
				PROVISIONING_PROFILE_SPECIFIER = "";
				SWIFT_VERSION = 4.0;
				TARGETED_DEVICE_FAMILY = 1;
			};
			name = Debug;
		};
		A9BD0048212EAB23004A0614 /* Release */ = {
			isa = XCBuildConfiguration;
			buildSettings = {
				ASSETCATALOG_COMPILER_APPICON_NAME = AppIcon;
				CODE_SIGN_STYLE = Manual;
				DEVELOPMENT_TEAM = "";
				INFOPLIST_FILE = DSSkeleton/Info.plist;
				LD_RUNPATH_SEARCH_PATHS = (
					"$(inherited)",
					"@executable_path/Frameworks",
				);
				PRODUCT_BUNDLE_IDENTIFIER = com.darshit.DSSkeleton;
				PRODUCT_NAME = "$(TARGET_NAME)";
				PROVISIONING_PROFILE_SPECIFIER = "";
				SWIFT_VERSION = 4.0;
				TARGETED_DEVICE_FAMILY = 1;
			};
			name = Release;
		};
/* End XCBuildConfiguration section */

/* Begin XCConfigurationList section */
		A9BD002F212EAB1E004A0614 /* Build configuration list for PBXProject "DSSkeleton" */ = {
			isa = XCConfigurationList;
			buildConfigurations = (
				A9BD0044212EAB23004A0614 /* Debug */,
				A9BD0045212EAB23004A0614 /* Release */,
			);
			defaultConfigurationIsVisible = 0;
			defaultConfigurationName = Release;
		};
		A9BD0046212EAB23004A0614 /* Build configuration list for PBXNativeTarget "DSSkeleton" */ = {
			isa = XCConfigurationList;
			buildConfigurations = (
				A9BD0047212EAB23004A0614 /* Debug */,
				A9BD0048212EAB23004A0614 /* Release */,
			);
			defaultConfigurationIsVisible = 0;
			defaultConfigurationName = Release;
		};
/* End XCConfigurationList section */
	};
	rootObject = A9BD002C212EAB1E004A0614 /* Project object */;
}
